Microsoft Visual Studio Solution File, Format Version 12.00
# Visual Studio Version 17
VisualStudioVersion = 17.5.2.0
MinimumVisualStudioVersion = 10.0.40219.1
Project("{FAE04EC0-301F-11D3-BF4B-00C04F79EFBC}") = "ReservaSalaDeEstudo", "ReservaSalaDeEstudo\ReservaSalaDeEstudo.csproj", "{5FD86895-0249-30D8-2ED5-64D948613D5D}"
EndProject
Global
	GlobalSection(SolutionConfigurationPlatforms) = preSolution
		Debug|Any CPU = Debug|Any CPU
		Release|Any CPU = Release|Any CPU
	EndGlobalSection
	GlobalSection(ProjectConfigurationPlatforms) = postSolution
		{5FD86895-0249-30D8-2ED5-64D948613D5D}.Debug|Any CPU.ActiveCfg = Debug|Any CPU
		{5FD86895-0249-30D8-2ED5-64D948613D5D}.Debug|Any CPU.Build.0 = Debug|Any CPU
		{5FD86895-0249-30D8-2ED5-64D948613D5D}.Release|Any CPU.ActiveCfg = Release|Any CPU
		{5FD86895-0249-30D8-2ED5-64D948613D5D}.Release|Any CPU.Build.0 = Release|Any CPU
	EndGlobalSection
	GlobalSection(SolutionProperties) = preSolution
		HideSolutionNode = FALSE
	EndGlobalSection
	GlobalSection(ExtensibilityGlobals) = postSolution
		SolutionGuid = {93596127-26A6-4BDF-A72B-1D40B6084949}
	EndGlobalSection
EndGlobal
